
Microsoft Visual Studio Solution File, Format Version 12.00
# Visual Studio Version 17
VisualStudioVersion = 17.9.34607.119
MinimumVisualStudioVersion = 10.0.40219.1
Project("{9A19103F-16F7-4668-BE54-9A1E7A4F7556}") = "CPU Doom", "CPU Doom\CPU Doom.csproj", "{6443344F-ECC3-4134-8634-6573FF9306B4}"
EndProject
Project("{9A19103F-16F7-4668-BE54-9A1E7A4F7556}") = "Demo", "Demo\Demo.csproj", "{815A36AA-264E-4DF9-B05E-BD17C53B40FA}"
EndProject
Project("{9A19103F-16F7-4668-BE54-9A1E7A4F7556}") = "Tests", "Tests\Tests.csproj", "{F2A08FBF-383E-46BE-9A65-D9A256ACD36E}"
EndProject
Project("{9A19103F-16F7-4668-BE54-9A1E7A4F7556}") = "CPU Doom File Loader", "CPU Doom File Loader\CPU Doom File Loader.csproj", "{84C38E54-62D7-47B3-AF03-66A220360841}"
EndProject
Project("{FAE04EC0-301F-11D3-BF4B-00C04F79EFBC}") = "Logger", "Logger\Logger.csproj", "{25300C27-606B-4ACD-B5C3-975CAF97AFDE}"
EndProject
Global
	GlobalSection(SolutionConfigurationPlatforms) = preSolution
		Debug|Any CPU = Debug|Any CPU
		Release|Any CPU = Release|Any CPU
	EndGlobalSection
	GlobalSection(ProjectConfigurationPlatforms) = postSolution
		{6443344F-ECC3-4134-8634-6573FF9306B4}.Debug|Any CPU.ActiveCfg = Debug|Any CPU
		{6443344F-ECC3-4134-8634-6573FF9306B4}.Debug|Any CPU.Build.0 = Debug|Any CPU
		{6443344F-ECC3-4134-8634-6573FF9306B4}.Release|Any CPU.ActiveCfg = Release|Any CPU
		{6443344F-ECC3-4134-8634-6573FF9306B4}.Release|Any CPU.Build.0 = Release|Any CPU
		{815A36AA-264E-4DF9-B05E-BD17C53B40FA}.Debug|Any CPU.ActiveCfg = Debug|Any CPU
		{815A36AA-264E-4DF9-B05E-BD17C53B40FA}.Debug|Any CPU.Build.0 = Debug|Any CPU
		{815A36AA-264E-4DF9-B05E-BD17C53B40FA}.Release|Any CPU.ActiveCfg = Release|Any CPU
		{815A36AA-264E-4DF9-B05E-BD17C53B40FA}.Release|Any CPU.Build.0 = Release|Any CPU
		{F2A08FBF-383E-46BE-9A65-D9A256ACD36E}.Debug|Any CPU.ActiveCfg = Debug|Any CPU
		{F2A08FBF-383E-46BE-9A65-D9A256ACD36E}.Debug|Any CPU.Build.0 = Debug|Any CPU
		{F2A08FBF-383E-46BE-9A65-D9A256ACD36E}.Release|Any CPU.ActiveCfg = Release|Any CPU
		{F2A08FBF-383E-46BE-9A65-D9A256ACD36E}.Release|Any CPU.Build.0 = Release|Any CPU
		{84C38E54-62D7-47B3-AF03-66A220360841}.Debug|Any CPU.ActiveCfg = Debug|Any CPU
		{84C38E54-62D7-47B3-AF03-66A220360841}.Debug|Any CPU.Build.0 = Debug|Any CPU
		{84C38E54-62D7-47B3-AF03-66A220360841}.Release|Any CPU.ActiveCfg = Release|Any CPU
		{84C38E54-62D7-47B3-AF03-66A220360841}.Release|Any CPU.Build.0 = Release|Any CPU
		{25300C27-606B-4ACD-B5C3-975CAF97AFDE}.Debug|Any CPU.ActiveCfg = Debug|Any CPU
		{25300C27-606B-4ACD-B5C3-975CAF97AFDE}.Debug|Any CPU.Build.0 = Debug|Any CPU
		{25300C27-606B-4ACD-B5C3-975CAF97AFDE}.Release|Any CPU.ActiveCfg = Release|Any CPU
		{25300C27-606B-4ACD-B5C3-975CAF97AFDE}.Release|Any CPU.Build.0 = Release|Any CPU
	EndGlobalSection
	GlobalSection(SolutionProperties) = preSolution
		HideSolutionNode = FALSE
	EndGlobalSection
	GlobalSection(ExtensibilityGlobals) = postSolution
		SolutionGuid = {25ECBE09-0485-4013-AFF0-127C72DB48BD}
	EndGlobalSection
EndGlobal
